
Microsoft Visual Studio Solution File, Format Version 12.00
# Visual Studio Version 17
VisualStudioVersion = 17.11.35312.102
MinimumVisualStudioVersion = 10.0.40219.1
Project("{9A19103F-16F7-4668-BE54-9A1E7A4F7556}") = "DBC2CSV", "DBC2CSV\DBC2CSV.csproj", "{216EF84C-0030-4AB4-AAC7-25F10ABB4650}"
EndProject
Global
	GlobalSection(SolutionConfigurationPlatforms) = preSolution
		Debug|Any CPU = Debug|Any CPU
		Release|Any CPU = Release|Any CPU
	EndGlobalSection
	GlobalSection(ProjectConfigurationPlatforms) = postSolution
		{216EF84C-0030-4AB4-AAC7-25F10ABB4650}.Debug|Any CPU.ActiveCfg = Debug|Any CPU
		{216EF84C-0030-4AB4-AAC7-25F10ABB4650}.Debug|Any CPU.Build.0 = Debug|Any CPU
		{216EF84C-0030-4AB4-AAC7-25F10ABB4650}.Release|Any CPU.ActiveCfg = Release|Any CPU
		{216EF84C-0030-4AB4-AAC7-25F10ABB4650}.Release|Any CPU.Build.0 = Release|Any CPU
	EndGlobalSection
	GlobalSection(SolutionProperties) = preSolution
		HideSolutionNode = FALSE
	EndGlobalSection
	GlobalSection(ExtensibilityGlobals) = postSolution
		SolutionGuid = {1CF1F65A-858B-430A-937D-EDFCC4C4584E}
	EndGlobalSection
EndGlobal
